
Microsoft Visual Studio Solution File, Format Version 12.00
# Visual Studio Version 16
VisualStudioVersion = 16.0.31402.337
MinimumVisualStudioVersion = 10.0.40219.1
Project("{9A19103F-16F7-4668-BE54-9A1E7A4F7556}") = "Gymbokning", "Gymbokning.csproj", "{32CD6A04-AB4F-416C-B4F2-485083B2F20C}"
EndProject
Project("{FAE04EC0-301F-11D3-BF4B-00C04F79EFBC}") = "Gymbokning.Core", "..\Gymbokning.Core\Gymbokning.Core.csproj", "{CE7BD7A8-F2E5-48C7-8CA7-E028B21986A9}"
EndProject
Project("{FAE04EC0-301F-11D3-BF4B-00C04F79EFBC}") = "Gymbokning.Data", "..\Gymbokning.Data\Gymbokning.Data.csproj", "{A69F0A74-6DF2-47B3-BE5A-0EF2E01260AA}"
EndProject
Global
	GlobalSection(SolutionConfigurationPlatforms) = preSolution
		Debug|Any CPU = Debug|Any CPU
		Release|Any CPU = Release|Any CPU
	EndGlobalSection
	GlobalSection(ProjectConfigurationPlatforms) = postSolution
		{32CD6A04-AB4F-416C-B4F2-485083B2F20C}.Debug|Any CPU.ActiveCfg = Debug|Any CPU
		{32CD6A04-AB4F-416C-B4F2-485083B2F20C}.Debug|Any CPU.Build.0 = Debug|Any CPU
		{32CD6A04-AB4F-416C-B4F2-485083B2F20C}.Release|Any CPU.ActiveCfg = Release|Any CPU
		{32CD6A04-AB4F-416C-B4F2-485083B2F20C}.Release|Any CPU.Build.0 = Release|Any CPU
		{CE7BD7A8-F2E5-48C7-8CA7-E028B21986A9}.Debug|Any CPU.ActiveCfg = Debug|Any CPU
		{CE7BD7A8-F2E5-48C7-8CA7-E028B21986A9}.Debug|Any CPU.Build.0 = Debug|Any CPU
		{CE7BD7A8-F2E5-48C7-8CA7-E028B21986A9}.Release|Any CPU.ActiveCfg = Release|Any CPU
		{CE7BD7A8-F2E5-48C7-8CA7-E028B21986A9}.Release|Any CPU.Build.0 = Release|Any CPU
		{A69F0A74-6DF2-47B3-BE5A-0EF2E01260AA}.Debug|Any CPU.ActiveCfg = Debug|Any CPU
		{A69F0A74-6DF2-47B3-BE5A-0EF2E01260AA}.Debug|Any CPU.Build.0 = Debug|Any CPU
		{A69F0A74-6DF2-47B3-BE5A-0EF2E01260AA}.Release|Any CPU.ActiveCfg = Release|Any CPU
		{A69F0A74-6DF2-47B3-BE5A-0EF2E01260AA}.Release|Any CPU.Build.0 = Release|Any CPU
	EndGlobalSection
	GlobalSection(SolutionProperties) = preSolution
		HideSolutionNode = FALSE
	EndGlobalSection
	GlobalSection(ExtensibilityGlobals) = postSolution
		SolutionGuid = {F93BC580-C877-4B8C-8A2A-F04C8E068E2C}
	EndGlobalSection
EndGlobal
